{
    "requires": true,
    "lockfileVersion": 1,
    "dependencies": {
        "layui-src": {
            "version": "2.3.0",
            "resolved": "https://registry.npmjs.org/layui-src/-/layui-src-2.3.0.tgz",
            "integrity": "sha512-nROiqlfbHUTByCikYQAUsko+rScpCEd3YQ7bT0n5BJ2HL3djL0LX0ra8quVZoQC+mMVY4dUxsKcmad+BNGNadg=="
        }
    }
}
